// !$*UTF8*$!
{
	archiveVersion = 1;
	classes = {
	};
	objectVersion = 48;
	objects = {

/* Begin PBXBuildFile section */
		34730D111FF4469E0045E89B /* Assets.xcassets in Resources */ = {isa = PBXBuildFile; fileRef = 34730D101FF4469D0045E89B /* Assets.xcassets */; };
		348F3F6F213AFF5800CFC230 /* JSONResponse.swift in Sources */ = {isa = PBXBuildFile; fileRef = 348F3F6E213AFF5800CFC230 /* JSONResponse.swift */; };
		34A15CDC1FEFB8F0004A58E9 /* AppDelegate.swift in Sources */ = {isa = PBXBuildFile; fileRef = 34A15CDB1FEFB8F0004A58E9 /* AppDelegate.swift */; };
		34A15CE11FEFB8F0004A58E9 /* Main.storyboard in Resources */ = {isa = PBXBuildFile; fileRef = 34A15CDF1FEFB8F0004A58E9 /* Main.storyboard */; };
		34A15CE61FEFB8F0004A58E9 /* LaunchScreen.storyboard in Resources */ = {isa = PBXBuildFile; fileRef = 34A15CE41FEFB8F0004A58E9 /* LaunchScreen.storyboard */; };
		34A15CEE1FEFF9C2004A58E9 /* PreviewController.swift in Sources */ = {isa = PBXBuildFile; fileRef = 34A15CED1FEFF9C2004A58E9 /* PreviewController.swift */; };
		34A15CF01FEFF9FF004A58E9 /* CameraController.swift in Sources */ = {isa = PBXBuildFile; fileRef = 34A15CEF1FEFF9FF004A58E9 /* CameraController.swift */; };
		34C14B97212C3C6700F7BAB8 /* AudioRecordingViewController.swift in Sources */ = {isa = PBXBuildFile; fileRef = 34C14B96212C3C6700F7BAB8 /* AudioRecordingViewController.swift */; };
		34E747E11FF427CC00DF1D4C /* PhotoAnalysisViewController.swift in Sources */ = {isa = PBXBuildFile; fileRef = 34E747E01FF427CC00DF1D4C /* PhotoAnalysisViewController.swift */; };
		EC8DE4EB104D39B71073EA2A /* Pods_InstaPetVet.framework in Frameworks */ = {isa = PBXBuildFile; fileRef = D01935EFE17FDEE2713B9CC0 /* Pods_InstaPetVet.framework */; };
/* End PBXBuildFile section */

/* Begin PBXFileReference section */
		34730D101FF4469D0045E89B /* Assets.xcassets */ = {isa = PBXFileReference; lastKnownFileType = folder.assetcatalog; path = Assets.xcassets; sourceTree = "<group>"; };
		348F3F6E213AFF5800CFC230 /* JSONResponse.swift */ = {isa = PBXFileReference; lastKnownFileType = sourcecode.swift; path = JSONResponse.swift; sourceTree = "<group>"; };
		34A15CD81FEFB8F0004A58E9 /* InstaPetVet.app */ = {isa = PBXFileReference; explicitFileType = wrapper.application; includeInIndex = 0; path = InstaPetVet.app; sourceTree = BUILT_PRODUCTS_DIR; };
		34A15CDB1FEFB8F0004A58E9 /* AppDelegate.swift */ = {isa = PBXFileReference; lastKnownFileType = sourcecode.swift; path = AppDelegate.swift; sourceTree = "<group>"; };
		34A15CE01FEFB8F0004A58E9 /* Base */ = {isa = PBXFileReference; lastKnownFileType = file.storyboard; name = Base; path = Base.lproj/Main.storyboard; sourceTree = "<group>"; };
		34A15CE51FEFB8F0004A58E9 /* Base */ = {isa = PBXFileReference; lastKnownFileType = file.storyboard; name = Base; path = Base.lproj/LaunchScreen.storyboard; sourceTree = "<group>"; };
		34A15CE71FEFB8F0004A58E9 /* Info.plist */ = {isa = PBXFileReference; lastKnownFileType = text.plist.xml; path = Info.plist; sourceTree = "<group>"; };
		34A15CED1FEFF9C2004A58E9 /* PreviewController.swift */ = {isa = PBXFileReference; lastKnownFileType = sourcecode.swift; path = PreviewController.swift; sourceTree = "<group>"; };
		34A15CEF1FEFF9FF004A58E9 /* CameraController.swift */ = {isa = PBXFileReference; lastKnownFileType = sourcecode.swift; path = CameraController.swift; sourceTree = "<group>"; };
		34C14B96212C3C6700F7BAB8 /* AudioRecordingViewController.swift */ = {isa = PBXFileReference; lastKnownFileType = sourcecode.swift; path = AudioRecordingViewController.swift; sourceTree = "<group>"; };
		34E747E01FF427CC00DF1D4C /* PhotoAnalysisViewController.swift */ = {isa = PBXFileReference; lastKnownFileType = sourcecode.swift; path = PhotoAnalysisViewController.swift; sourceTree = "<group>"; };
		45621489BF0991EC142D5F1F /* Pods-InstaPetVet.debug.xcconfig */ = {isa = PBXFileReference; includeInIndex = 1; lastKnownFileType = text.xcconfig; name = "Pods-InstaPetVet.debug.xcconfig"; path = "Pods/Target Support Files/Pods-InstaPetVet/Pods-InstaPetVet.debug.xcconfig"; sourceTree = "<group>"; };
		A9B191075A79EBE356934518 /* Pods-InstaPetVet.release.xcconfig */ = {isa = PBXFileReference; includeInIndex = 1; lastKnownFileType = text.xcconfig; name = "Pods-InstaPetVet.release.xcconfig"; path = "Pods/Target Support Files/Pods-InstaPetVet/Pods-InstaPetVet.release.xcconfig"; sourceTree = "<group>"; };
		D01935EFE17FDEE2713B9CC0 /* Pods_InstaPetVet.framework */ = {isa = PBXFileReference; explicitFileType = wrapper.framework; includeInIndex = 0; path = Pods_InstaPetVet.framework; sourceTree = BUILT_PRODUCTS_DIR; };
/* End PBXFileReference section */

/* Begin PBXFrameworksBuildPhase section */
		34A15CD51FEFB8EF004A58E9 /* Frameworks */ = {
			isa = PBXFrameworksBuildPhase;
			buildActionMask = 2147483647;
			files = (
				EC8DE4EB104D39B71073EA2A /* Pods_InstaPetVet.framework in Frameworks */,
			);
			runOnlyForDeploymentPostprocessing = 0;
		};
/* End PBXFrameworksBuildPhase section */

/* Begin PBXGroup section */
		34A15CCF1FEFB8EF004A58E9 = {
			isa = PBXGroup;
			children = (
				34A15CDA1FEFB8F0004A58E9 /* InstaPetVet */,
				34A15CD91FEFB8F0004A58E9 /* Products */,
				47DB3906AE24FA8292F0157A /* Pods */,
				5D512F71B4AAB0C750460085 /* Frameworks */,
			);
			sourceTree = "<group>";
		};
		34A15CD91FEFB8F0004A58E9 /* Products */ = {
			isa = PBXGroup;
			children = (
				34A15CD81FEFB8F0004A58E9 /* InstaPetVet.app */,
			);
			name = Products;
			sourceTree = "<group>";
		};
		34A15CDA1FEFB8F0004A58E9 /* InstaPetVet */ = {
			isa = PBXGroup;
			children = (
				34A15CDB1FEFB8F0004A58E9 /* AppDelegate.swift */,
				34A15CEF1FEFF9FF004A58E9 /* CameraController.swift */,
				34A15CED1FEFF9C2004A58E9 /* PreviewController.swift */,
				34C14B96212C3C6700F7BAB8 /* AudioRecordingViewController.swift */,
				34E747E01FF427CC00DF1D4C /* PhotoAnalysisViewController.swift */,
				348F3F6E213AFF5800CFC230 /* JSONResponse.swift */,
				34730D101FF4469D0045E89B /* Assets.xcassets */,
				34A15CDF1FEFB8F0004A58E9 /* Main.storyboard */,
				34A15CE41FEFB8F0004A58E9 /* LaunchScreen.storyboard */,
				34A15CE71FEFB8F0004A58E9 /* Info.plist */,
			);
			path = InstaPetVet;
			sourceTree = "<group>";
		};
		47DB3906AE24FA8292F0157A /* Pods */ = {
			isa = PBXGroup;
			children = (
				45621489BF0991EC142D5F1F /* Pods-InstaPetVet.debug.xcconfig */,
				A9B191075A79EBE356934518 /* Pods-InstaPetVet.release.xcconfig */,
			);
			name = Pods;
			sourceTree = "<group>";
		};
		5D512F71B4AAB0C750460085 /* Frameworks */ = {
			isa = PBXGroup;
			children = (
				D01935EFE17FDEE2713B9CC0 /* Pods_InstaPetVet.framework */,
			);
			name = Frameworks;
			sourceTree = "<group>";
		};
/* End PBXGroup section */

/* Begin PBXNativeTarget section */
		34A15CD71FEFB8EF004A58E9 /* InstaPetVet */ = {
			isa = PBXNativeTarget;
			buildConfigurationList = 34A15CEA1FEFB8F0004A58E9 /* Build configuration list for PBXNativeTarget "InstaPetVet" */;
			buildPhases = (
				18805C12FD47A37BFD3A3EEA /* [CP] Check Pods Manifest.lock */,
				34A15CD41FEFB8EF004A58E9 /* Sources */,
				34A15CD51FEFB8EF004A58E9 /* Frameworks */,
				34A15CD61FEFB8EF004A58E9 /* Resources */,
				2A95E285EF18BC679FE6A142 /* [CP] Embed Pods Frameworks */,
			);
			buildRules = (
			);
			dependencies = (
			);
			name = InstaPetVet;
			productName = Glitters;
			productReference = 34A15CD81FEFB8F0004A58E9 /* InstaPetVet.app */;
			productType = "com.apple.product-type.application";
		};
/* End PBXNativeTarget section */

/* Begin PBXProject section */
		34A15CD01FEFB8EF004A58E9 /* Project object */ = {
			isa = PBXProject;
			attributes = {
				LastSwiftUpdateCheck = 0920;
				LastUpgradeCheck = 1000;
				ORGANIZATIONNAME = GrossCo;
				TargetAttributes = {
					34A15CD71FEFB8EF004A58E9 = {
						CreatedOnToolsVersion = 9.2;
						LastSwiftMigration = 1000;
						ProvisioningStyle = Automatic;
					};
				};
			};
			buildConfigurationList = 34A15CD31FEFB8EF004A58E9 /* Build configuration list for PBXProject "InstaPetVet" */;
			compatibilityVersion = "Xcode 8.0";
			developmentRegion = en;
			hasScannedForEncodings = 0;
			knownRegions = (
				en,
				Base,
			);
			mainGroup = 34A15CCF1FEFB8EF004A58E9;
			productRefGroup = 34A15CD91FEFB8F0004A58E9 /* Products */;
			projectDirPath = "";
			projectRoot = "";
			targets = (
				34A15CD71FEFB8EF004A58E9 /* InstaPetVet */,
			);
		};
/* End PBXProject section */

/* Begin PBXResourcesBuildPhase section */
		34A15CD61FEFB8EF004A58E9 /* Resources */ = {
			isa = PBXResourcesBuildPhase;
			buildActionMask = 2147483647;
			files = (
				34A15CE61FEFB8F0004A58E9 /* LaunchScreen.storyboard in Resources */,
				34730D111FF4469E0045E89B /* Assets.xcassets in Resources */,
				34A15CE11FEFB8F0004A58E9 /* Main.storyboard in Resources */,
			);
			runOnlyForDeploymentPostprocessing = 0;
		};
/* End PBXResourcesBuildPhase section */

/* Begin PBXShellScriptBuildPhase section */
		18805C12FD47A37BFD3A3EEA /* [CP] Check Pods Manifest.lock */ = {
			isa = PBXShellScriptBuildPhase;
			buildActionMask = 2147483647;
			files = (
			);
			inputPaths = (
				"${PODS_PODFILE_DIR_PATH}/Podfile.lock",
				"${PODS_ROOT}/Manifest.lock",
			);
			name = "[CP] Check Pods Manifest.lock";
			outputPaths = (
				"$(DERIVED_FILE_DIR)/Pods-InstaPetVet-checkManifestLockResult.txt",
			);
			runOnlyForDeploymentPostprocessing = 0;
			shellPath = /bin/sh;
			shellScript = "diff \"${PODS_PODFILE_DIR_PATH}/Podfile.lock\" \"${PODS_ROOT}/Manifest.lock\" > /dev/null\nif [ $? != 0 ] ; then\n    # print error to STDERR\n    echo \"error: The sandbox is not in sync with the Podfile.lock. Run 'pod install' or update your CocoaPods installation.\" >&2\n    exit 1\nfi\n# This output is used by Xcode 'outputs' to avoid re-running this script phase.\necho \"SUCCESS\" > \"${SCRIPT_OUTPUT_FILE_0}\"\n";
			showEnvVarsInLog = 0;
		};
		2A95E285EF18BC679FE6A142 /* [CP] Embed Pods Frameworks */ = {
			isa = PBXShellScriptBuildPhase;
			buildActionMask = 2147483647;
			files = (
			);
			inputPaths = (
				"${SRCROOT}/Pods/Target Support Files/Pods-InstaPetVet/Pods-InstaPetVet-frameworks.sh",
				"${BUILT_PRODUCTS_DIR}/Alamofire/Alamofire.framework",
			);
			name = "[CP] Embed Pods Frameworks";
			outputPaths = (
				"${TARGET_BUILD_DIR}/${FRAMEWORKS_FOLDER_PATH}/Alamofire.framework",
			);
			runOnlyForDeploymentPostprocessing = 0;
			shellPath = /bin/sh;
			shellScript = "\"${SRCROOT}/Pods/Target Support Files/Pods-InstaPetVet/Pods-InstaPetVet-frameworks.sh\"\n";
			showEnvVarsInLog = 0;
		};
/* End PBXShellScriptBuildPhase section */

/* Begin PBXSourcesBuildPhase section */
		34A15CD41FEFB8EF004A58E9 /* Sources */ = {
			isa = PBXSourcesBuildPhase;
			buildActionMask = 2147483647;
			files = (
				348F3F6F213AFF5800CFC230 /* JSONResponse.swift in Sources */,
				34E747E11FF427CC00DF1D4C /* PhotoAnalysisViewController.swift in Sources */,
				34A15CF01FEFF9FF004A58E9 /* CameraController.swift in Sources */,
				34A15CEE1FEFF9C2004A58E9 /* PreviewController.swift in Sources */,
				34A15CDC1FEFB8F0004A58E9 /* AppDelegate.swift in Sources */,
				34C14B97212C3C6700F7BAB8 /* AudioRecordingViewController.swift in Sources */,
			);
			runOnlyForDeploymentPostprocessing = 0;
		};
/* End PBXSourcesBuildPhase section */

/* Begin PBXVariantGroup section */
		34A15CDF1FEFB8F0004A58E9 /* Main.storyboard */ = {
			isa = PBXVariantGroup;
			children = (
				34A15CE01FEFB8F0004A58E9 /* Base */,
			);
			name = Main.storyboard;
			sourceTree = "<group>";
		};
		34A15CE41FEFB8F0004A58E9 /* LaunchScreen.storyboard */ = {
			isa = PBXVariantGroup;
			children = (
				34A15CE51FEFB8F0004A58E9 /* Base */,
			);
			name = LaunchScreen.storyboard;
			sourceTree = "<group>";
		};
/* End PBXVariantGroup section */

/* Begin XCBuildConfiguration section */
		34A15CE81FEFB8F0004A58E9 /* Debug */ = {
			isa = XCBuildConfiguration;
			buildSettings = {
				ALWAYS_SEARCH_USER_PATHS = NO;
				CLANG_ANALYZER_NONNULL = YES;
				CLANG_ANALYZER_NUMBER_OBJECT_CONVERSION = YES_AGGRESSIVE;
				CLANG_CXX_LANGUAGE_STANDARD = "gnu++14";
				CLANG_CXX_LIBRARY = "libc++";
				CLANG_ENABLE_MODULES = YES;
				CLANG_ENABLE_OBJC_ARC = YES;
				CLANG_WARN_BLOCK_CAPTURE_AUTORELEASING = YES;
				CLANG_WARN_BOOL_CONVERSION = YES;
				CLANG_WARN_COMMA = YES;
				CLANG_WARN_CONSTANT_CONVERSION = YES;
				CLANG_WARN_DEPRECATED_OBJC_IMPLEMENTATIONS = YES;
				CLANG_WARN_DIRECT_OBJC_ISA_USAGE = YES_ERROR;
				CLANG_WARN_DOCUMENTATION_COMMENTS = YES;
				CLANG_WARN_EMPTY_BODY = YES;
				CLANG_WARN_ENUM_CONVERSION = YES;
				CLANG_WARN_INFINITE_RECURSION = YES;
				CLANG_WARN_INT_CONVERSION = YES;
				CLANG_WARN_NON_LITERAL_NULL_CONVERSION = YES;
				CLANG_WARN_OBJC_IMPLICIT_RETAIN_SELF = YES;
				CLANG_WARN_OBJC_LITERAL_CONVERSION = YES;
				CLANG_WARN_OBJC_ROOT_CLASS = YES_ERROR;
				CLANG_WARN_RANGE_LOOP_ANALYSIS = YES;
				CLANG_WARN_STRICT_PROTOTYPES = YES;
				CLANG_WARN_SUSPICIOUS_MOVE = YES;
				CLANG_WARN_UNGUARDED_AVAILABILITY = YES_AGGRESSIVE;
				CLANG_WARN_UNREACHABLE_CODE = YES;
				CLANG_WARN__DUPLICATE_METHOD_MATCH = YES;
				CODE_SIGN_IDENTITY = "iPhone Developer";
				COPY_PHASE_STRIP = NO;
				DEBUG_INFORMATION_FORMAT = dwarf;
				ENABLE_STRICT_OBJC_MSGSEND = YES;
				ENABLE_TESTABILITY = YES;
				GCC_C_LANGUAGE_STANDARD = gnu11;
				GCC_DYNAMIC_NO_PIC = NO;
				GCC_NO_COMMON_BLOCKS = YES;
				GCC_OPTIMIZATION_LEVEL = 0;
				GCC_PREPROCESSOR_DEFINITIONS = (
					"DEBUG=1",
					"$(inherited)",
				);
				GCC_WARN_64_TO_32_BIT_CONVERSION = YES;
				GCC_WARN_ABOUT_RETURN_TYPE = YES_ERROR;
				GCC_WARN_UNDECLARED_SELECTOR = YES;
				GCC_WARN_UNINITIALIZED_AUTOS = YES_AGGRESSIVE;
				GCC_WARN_UNUSED_FUNCTION = YES;
				GCC_WARN_UNUSED_VARIABLE = YES;
				IPHONEOS_DEPLOYMENT_TARGET = 11.4;
				MTL_ENABLE_DEBUG_INFO = YES;
				ONLY_ACTIVE_ARCH = YES;
				SDKROOT = iphoneos;
				SWIFT_ACTIVE_COMPILATION_CONDITIONS = DEBUG;
				SWIFT_OPTIMIZATION_LEVEL = "-Onone";
			};
			name = Debug;
		};
		34A15CE91FEFB8F0004A58E9 /* Release */ = {
			isa = XCBuildConfiguration;
			buildSettings = {
				ALWAYS_SEARCH_USER_PATHS = NO;
				CLANG_ANALYZER_NONNULL = YES;
				CLANG_ANALYZER_NUMBER_OBJECT_CONVERSION = YES_AGGRESSIVE;
				CLANG_CXX_LANGUAGE_STANDARD = "gnu++14";
				CLANG_CXX_LIBRARY = "libc++";
				CLANG_ENABLE_MODULES = YES;
				CLANG_ENABLE_OBJC_ARC = YES;
				CLANG_WARN_BLOCK_CAPTURE_AUTORELEASING = YES;
				CLANG_WARN_BOOL_CONVERSION = YES;
				CLANG_WARN_COMMA = YES;
				CLANG_WARN_CONSTANT_CONVERSION = YES;
				CLANG_WARN_DEPRECATED_OBJC_IMPLEMENTATIONS = YES;
				CLANG_WARN_DIRECT_OBJC_ISA_USAGE = YES_ERROR;
				CLANG_WARN_DOCUMENTATION_COMMENTS = YES;
				CLANG_WARN_EMPTY_BODY = YES;
				CLANG_WARN_ENUM_CONVERSION = YES;
				CLANG_WARN_INFINITE_RECURSION = YES;
				CLANG_WARN_INT_CONVERSION = YES;
				CLANG_WARN_NON_LITERAL_NULL_CONVERSION = YES;
				CLANG_WARN_OBJC_IMPLICIT_RETAIN_SELF = YES;
				CLANG_WARN_OBJC_LITERAL_CONVERSION = YES;
				CLANG_WARN_OBJC_ROOT_CLASS = YES_ERROR;
				CLANG_WARN_RANGE_LOOP_ANALYSIS = YES;
				CLANG_WARN_STRICT_PROTOTYPES = YES;
				CLANG_WARN_SUSPICIOUS_MOVE = YES;
				CLANG_WARN_UNGUARDED_AVAILABILITY = YES_AGGRESSIVE;
				CLANG_WARN_UNREACHABLE_CODE = YES;
				CLANG_WARN__DUPLICATE_METHOD_MATCH = YES;
				CODE_SIGN_IDENTITY = "iPhone Developer";
				COPY_PHASE_STRIP = NO;
				DEBUG_INFORMATION_FORMAT = "dwarf-with-dsym";
				ENABLE_NS_ASSERTIONS = NO;
				ENABLE_STRICT_OBJC_MSGSEND = YES;
				GCC_C_LANGUAGE_STANDARD = gnu11;
				GCC_NO_COMMON_BLOCKS = YES;
				GCC_WARN_64_TO_32_BIT_CONVERSION = YES;
				GCC_WARN_ABOUT_RETURN_TYPE = YES_ERROR;
				GCC_WARN_UNDECLARED_SELECTOR = YES;
				GCC_WARN_UNINITIALIZED_AUTOS = YES_AGGRESSIVE;
				GCC_WARN_UNUSED_FUNCTION = YES;
				GCC_WARN_UNUSED_VARIABLE = YES;
				IPHONEOS_DEPLOYMENT_TARGET = 11.4;
				MTL_ENABLE_DEBUG_INFO = NO;
				SDKROOT = iphoneos;
				SWIFT_OPTIMIZATION_LEVEL = "-Owholemodule";
				VALIDATE_PRODUCT = YES;
			};
			name = Release;
		};
		34A15CEB1FEFB8F0004A58E9 /* Debug */ = {
			isa = XCBuildConfiguration;
			baseConfigurationReference = 45621489BF0991EC142D5F1F /* Pods-InstaPetVet.debug.xcconfig */;
			buildSettings = {
				ASSETCATALOG_COMPILER_APPICON_NAME = AppIcon;
				CODE_SIGN_STYLE = Automatic;
				DEVELOPMENT_TEAM = K4PWUDJ3HE;
				INFOPLIST_FILE = "$(SRCROOT)/InstaPetVet/Info.plist";
				IPHONEOS_DEPLOYMENT_TARGET = 11.4;
				LD_RUNPATH_SEARCH_PATHS = "$(inherited) @executable_path/Frameworks";
				PRODUCT_BUNDLE_IDENTIFIER = com.InstaPetVet;
				PRODUCT_NAME = "$(TARGET_NAME)";
				SWIFT_VERSION = 4.0;
				TARGETED_DEVICE_FAMILY = "1,2";
			};
			name = Debug;
		};
		34A15CEC1FEFB8F0004A58E9 /* Release */ = {
			isa = XCBuildConfiguration;
			baseConfigurationReference = A9B191075A79EBE356934518 /* Pods-InstaPetVet.release.xcconfig */;
			buildSettings = {
				ASSETCATALOG_COMPILER_APPICON_NAME = AppIcon;
				CODE_SIGN_STYLE = Automatic;
				DEVELOPMENT_TEAM = K4PWUDJ3HE;
				INFOPLIST_FILE = "$(SRCROOT)/InstaPetVet/Info.plist";
				IPHONEOS_DEPLOYMENT_TARGET = 11.4;
				LD_RUNPATH_SEARCH_PATHS = "$(inherited) @executable_path/Frameworks";
				PRODUCT_BUNDLE_IDENTIFIER = com.InstaPetVet;
				PRODUCT_NAME = "$(TARGET_NAME)";
				SWIFT_VERSION = 4.0;
				TARGETED_DEVICE_FAMILY = "1,2";
			};
			name = Release;
		};
/* End XCBuildConfiguration section */

/* Begin XCConfigurationList section */
		34A15CD31FEFB8EF004A58E9 /* Build configuration list for PBXProject "InstaPetVet" */ = {
			isa = XCConfigurationList;
			buildConfigurations = (
				34A15CE81FEFB8F0004A58E9 /* Debug */,
				34A15CE91FEFB8F0004A58E9 /* Release */,
			);
			defaultConfigurationIsVisible = 0;
			defaultConfigurationName = Release;
		};
		34A15CEA1FEFB8F0004A58E9 /* Build configuration list for PBXNativeTarget "InstaPetVet" */ = {
			isa = XCConfigurationList;
			buildConfigurations = (
				34A15CEB1FEFB8F0004A58E9 /* Debug */,
				34A15CEC1FEFB8F0004A58E9 /* Release */,
			);
			defaultConfigurationIsVisible = 0;
			defaultConfigurationName = Release;
		};
/* End XCConfigurationList section */
	};
	rootObject = 34A15CD01FEFB8EF004A58E9 /* Project object */;
}
